// !$*UTF8*$!
{
	archiveVersion = 1;
	classes = {
	};
	objectVersion = 50;
	objects = {

/* Begin PBXBuildFile section */
		43CCC8C8163E536982166D42 /* Pods_pushuptracker.framework in Frameworks */ = {isa = PBXBuildFile; fileRef = 9BD045217079B46395838AFB /* Pods_pushuptracker.framework */; };
		7F1B8A0621B605C200980D34 /* LocationDetector.swift in Sources */ = {isa = PBXBuildFile; fileRef = 7F1B8A0521B605C200980D34 /* LocationDetector.swift */; };
		7F3400BD21A3895000884DBA /* Gym.swift in Sources */ = {isa = PBXBuildFile; fileRef = 7F3400BC21A3895000884DBA /* Gym.swift */; };
		7F3400BF21A38A9A00884DBA /* FourSquareResponse.swift in Sources */ = {isa = PBXBuildFile; fileRef = 7F3400BE21A38A9A00884DBA /* FourSquareResponse.swift */; };
		7F3400C221A38B5600884DBA /* FourSquareAPIManager.swift in Sources */ = {isa = PBXBuildFile; fileRef = 7F3400C121A38B5600884DBA /* FourSquareAPIManager.swift */; };
		7F3400C421A3905900884DBA /* GymsTableViewController.swift in Sources */ = {isa = PBXBuildFile; fileRef = 7F3400C321A3905900884DBA /* GymsTableViewController.swift */; };
		7F3400C621ACC05E00884DBA /* GymTableViewCell.swift in Sources */ = {isa = PBXBuildFile; fileRef = 7F3400C521ACC05E00884DBA /* GymTableViewCell.swift */; };
		7F3400C821ACC9DB00884DBA /* Extensions.swift in Sources */ = {isa = PBXBuildFile; fileRef = 7F3400C721ACC9DB00884DBA /* Extensions.swift */; };
		7F35DF6C21911ED300391EF5 /* PushupTrackerViewController.swift in Sources */ = {isa = PBXBuildFile; fileRef = 7F35DF6B21911ED300391EF5 /* PushupTrackerViewController.swift */; };
		7F35DF6F219A4D1700391EF5 /* Workout.swift in Sources */ = {isa = PBXBuildFile; fileRef = 7F35DF6E219A4D1700391EF5 /* Workout.swift */; };
		7F35DF72219A4EAC00391EF5 /* PersistenceManager.swift in Sources */ = {isa = PBXBuildFile; fileRef = 7F35DF71219A4EAC00391EF5 /* PersistenceManager.swift */; };
		7F35DF74219A5FDB00391EF5 /* HistoryTableViewController.swift in Sources */ = {isa = PBXBuildFile; fileRef = 7F35DF73219A5FDB00391EF5 /* HistoryTableViewController.swift */; };
		7F39082E2187D14F007BA344 /* AppDelegate.swift in Sources */ = {isa = PBXBuildFile; fileRef = 7F39082D2187D14F007BA344 /* AppDelegate.swift */; };
		7F3908302187D14F007BA344 /* ViewController.swift in Sources */ = {isa = PBXBuildFile; fileRef = 7F39082F2187D14F007BA344 /* ViewController.swift */; };
		7F3908332187D14F007BA344 /* Main.storyboard in Resources */ = {isa = PBXBuildFile; fileRef = 7F3908312187D14F007BA344 /* Main.storyboard */; };
		7F3908352187D151007BA344 /* Assets.xcassets in Resources */ = {isa = PBXBuildFile; fileRef = 7F3908342187D151007BA344 /* Assets.xcassets */; };
		7F3908382187D151007BA344 /* LaunchScreen.storyboard in Resources */ = {isa = PBXBuildFile; fileRef = 7F3908362187D151007BA344 /* LaunchScreen.storyboard */; };
/* End PBXBuildFile section */

/* Begin PBXFileReference section */
		7F1B8A0521B605C200980D34 /* LocationDetector.swift */ = {isa = PBXFileReference; lastKnownFileType = sourcecode.swift; path = LocationDetector.swift; sourceTree = "<group>"; };
		7F3400BC21A3895000884DBA /* Gym.swift */ = {isa = PBXFileReference; lastKnownFileType = sourcecode.swift; path = Gym.swift; sourceTree = "<group>"; };
		7F3400BE21A38A9A00884DBA /* FourSquareResponse.swift */ = {isa = PBXFileReference; lastKnownFileType = sourcecode.swift; path = FourSquareResponse.swift; sourceTree = "<group>"; };
		7F3400C121A38B5600884DBA /* FourSquareAPIManager.swift */ = {isa = PBXFileReference; lastKnownFileType = sourcecode.swift; path = FourSquareAPIManager.swift; sourceTree = "<group>"; };
		7F3400C321A3905900884DBA /* GymsTableViewController.swift */ = {isa = PBXFileReference; lastKnownFileType = sourcecode.swift; path = GymsTableViewController.swift; sourceTree = "<group>"; };
		7F3400C521ACC05E00884DBA /* GymTableViewCell.swift */ = {isa = PBXFileReference; lastKnownFileType = sourcecode.swift; path = GymTableViewCell.swift; sourceTree = "<group>"; };
		7F3400C721ACC9DB00884DBA /* Extensions.swift */ = {isa = PBXFileReference; lastKnownFileType = sourcecode.swift; path = Extensions.swift; sourceTree = "<group>"; };
		7F35DF6B21911ED300391EF5 /* PushupTrackerViewController.swift */ = {isa = PBXFileReference; lastKnownFileType = sourcecode.swift; path = PushupTrackerViewController.swift; sourceTree = "<group>"; };
		7F35DF6E219A4D1700391EF5 /* Workout.swift */ = {isa = PBXFileReference; lastKnownFileType = sourcecode.swift; path = Workout.swift; sourceTree = "<group>"; };
		7F35DF71219A4EAC00391EF5 /* PersistenceManager.swift */ = {isa = PBXFileReference; lastKnownFileType = sourcecode.swift; path = PersistenceManager.swift; sourceTree = "<group>"; };
		7F35DF73219A5FDB00391EF5 /* HistoryTableViewController.swift */ = {isa = PBXFileReference; lastKnownFileType = sourcecode.swift; path = HistoryTableViewController.swift; sourceTree = "<group>"; };
		7F39082A2187D14F007BA344 /* pushuptracker.app */ = {isa = PBXFileReference; explicitFileType = wrapper.application; includeInIndex = 0; path = pushuptracker.app; sourceTree = BUILT_PRODUCTS_DIR; };
		7F39082D2187D14F007BA344 /* AppDelegate.swift */ = {isa = PBXFileReference; lastKnownFileType = sourcecode.swift; path = AppDelegate.swift; sourceTree = "<group>"; };
		7F39082F2187D14F007BA344 /* ViewController.swift */ = {isa = PBXFileReference; lastKnownFileType = sourcecode.swift; path = ViewController.swift; sourceTree = "<group>"; };
		7F3908322187D14F007BA344 /* Base */ = {isa = PBXFileReference; lastKnownFileType = file.storyboard; name = Base; path = Base.lproj/Main.storyboard; sourceTree = "<group>"; };
		7F3908342187D151007BA344 /* Assets.xcassets */ = {isa = PBXFileReference; lastKnownFileType = folder.assetcatalog; path = Assets.xcassets; sourceTree = "<group>"; };
		7F3908372187D151007BA344 /* Base */ = {isa = PBXFileReference; lastKnownFileType = file.storyboard; name = Base; path = Base.lproj/LaunchScreen.storyboard; sourceTree = "<group>"; };
		7F3908392187D151007BA344 /* Info.plist */ = {isa = PBXFileReference; lastKnownFileType = text.plist.xml; path = Info.plist; sourceTree = "<group>"; };
		87EBD0D573FD78EC04736EE7 /* Pods-pushuptracker.release.xcconfig */ = {isa = PBXFileReference; includeInIndex = 1; lastKnownFileType = text.xcconfig; name = "Pods-pushuptracker.release.xcconfig"; path = "Pods/Target Support Files/Pods-pushuptracker/Pods-pushuptracker.release.xcconfig"; sourceTree = "<group>"; };
		9BD045217079B46395838AFB /* Pods_pushuptracker.framework */ = {isa = PBXFileReference; explicitFileType = wrapper.framework; includeInIndex = 0; path = Pods_pushuptracker.framework; sourceTree = BUILT_PRODUCTS_DIR; };
		E2E78ECA4F4CD6AC95170609 /* Pods-pushuptracker.debug.xcconfig */ = {isa = PBXFileReference; includeInIndex = 1; lastKnownFileType = text.xcconfig; name = "Pods-pushuptracker.debug.xcconfig"; path = "Pods/Target Support Files/Pods-pushuptracker/Pods-pushuptracker.debug.xcconfig"; sourceTree = "<group>"; };
/* End PBXFileReference section */

/* Begin PBXFrameworksBuildPhase section */
		7F3908272187D14F007BA344 /* Frameworks */ = {
			isa = PBXFrameworksBuildPhase;
			buildActionMask = 2147483647;
			files = (
				43CCC8C8163E536982166D42 /* Pods_pushuptracker.framework in Frameworks */,
			);
			runOnlyForDeploymentPostprocessing = 0;
		};
/* End PBXFrameworksBuildPhase section */

/* Begin PBXGroup section */
		7F3400C021A38B2F00884DBA /* manager */ = {
			isa = PBXGroup;
			children = (
				7F35DF71219A4EAC00391EF5 /* PersistenceManager.swift */,
				7F3400C121A38B5600884DBA /* FourSquareAPIManager.swift */,
				7F1B8A0521B605C200980D34 /* LocationDetector.swift */,
			);
			path = manager;
			sourceTree = "<group>";
		};
		7F35DF6D219A4CF700391EF5 /* models */ = {
			isa = PBXGroup;
			children = (
				7F35DF6E219A4D1700391EF5 /* Workout.swift */,
				7F3400BC21A3895000884DBA /* Gym.swift */,
				7F3400BE21A38A9A00884DBA /* FourSquareResponse.swift */,
			);
			path = models;
			sourceTree = "<group>";
		};
		7F3908212187D14F007BA344 = {
			isa = PBXGroup;
			children = (
				7F39082C2187D14F007BA344 /* pushuptracker */,
				7F39082B2187D14F007BA344 /* Products */,
				C7C6380F7FEA1EC9418FFB7B /* Pods */,
				9851AB3FE3D766EEA875AEC3 /* Frameworks */,
			);
			sourceTree = "<group>";
		};
		7F39082B2187D14F007BA344 /* Products */ = {
			isa = PBXGroup;
			children = (
				7F39082A2187D14F007BA344 /* pushuptracker.app */,
			);
			name = Products;
			sourceTree = "<group>";
		};
		7F39082C2187D14F007BA344 /* pushuptracker */ = {
			isa = PBXGroup;
			children = (
				7F3400C021A38B2F00884DBA /* manager */,
				7F35DF6D219A4CF700391EF5 /* models */,
				7FA434DC21911D1600724C7E /* view controllers */,
				7F39082D2187D14F007BA344 /* AppDelegate.swift */,
				7F3908312187D14F007BA344 /* Main.storyboard */,
				7F3400C521ACC05E00884DBA /* GymTableViewCell.swift */,
				7F3908342187D151007BA344 /* Assets.xcassets */,
				7F3908362187D151007BA344 /* LaunchScreen.storyboard */,
				7F3908392187D151007BA344 /* Info.plist */,
				7F3400C721ACC9DB00884DBA /* Extensions.swift */,
			);
			path = pushuptracker;
			sourceTree = "<group>";
		};
		7FA434DC21911D1600724C7E /* view controllers */ = {
			isa = PBXGroup;
			children = (
				7F39082F2187D14F007BA344 /* ViewController.swift */,
				7F35DF6B21911ED300391EF5 /* PushupTrackerViewController.swift */,
				7F35DF73219A5FDB00391EF5 /* HistoryTableViewController.swift */,
				7F3400C321A3905900884DBA /* GymsTableViewController.swift */,
			);
			path = "view controllers";
			sourceTree = "<group>";
		};
		9851AB3FE3D766EEA875AEC3 /* Frameworks */ = {
			isa = PBXGroup;
			children = (
				9BD045217079B46395838AFB /* Pods_pushuptracker.framework */,
			);
			name = Frameworks;
			sourceTree = "<group>";
		};
		C7C6380F7FEA1EC9418FFB7B /* Pods */ = {
			isa = PBXGroup;
			children = (
				E2E78ECA4F4CD6AC95170609 /* Pods-pushuptracker.debug.xcconfig */,
				87EBD0D573FD78EC04736EE7 /* Pods-pushuptracker.release.xcconfig */,
			);
			name = Pods;
			sourceTree = "<group>";
		};
/* End PBXGroup section */

/* Begin PBXNativeTarget section */
		7F3908292187D14F007BA344 /* pushuptracker */ = {
			isa = PBXNativeTarget;
			buildConfigurationList = 7F39083C2187D151007BA344 /* Build configuration list for PBXNativeTarget "pushuptracker" */;
			buildPhases = (
				FE7399672FDD9FF00640DD39 /* [CP] Check Pods Manifest.lock */,
				7F3908262187D14F007BA344 /* Sources */,
				7F3908272187D14F007BA344 /* Frameworks */,
				7F3908282187D14F007BA344 /* Resources */,
				E2253B6885368A345C972CDA /* [CP] Embed Pods Frameworks */,
			);
			buildRules = (
			);
			dependencies = (
			);
			name = pushuptracker;
			productName = pushuptracker;
			productReference = 7F39082A2187D14F007BA344 /* pushuptracker.app */;
			productType = "com.apple.product-type.application";
		};
/* End PBXNativeTarget section */

/* Begin PBXProject section */
		7F3908222187D14F007BA344 /* Project object */ = {
			isa = PBXProject;
			attributes = {
				LastSwiftUpdateCheck = 1000;
				LastUpgradeCheck = 1000;
				ORGANIZATIONNAME = "Jared Alexander";
				TargetAttributes = {
					7F3908292187D14F007BA344 = {
						CreatedOnToolsVersion = 10.0;
					};
				};
			};
			buildConfigurationList = 7F3908252187D14F007BA344 /* Build configuration list for PBXProject "pushuptracker" */;
			compatibilityVersion = "Xcode 9.3";
			developmentRegion = en;
			hasScannedForEncodings = 0;
			knownRegions = (
				en,
				Base,
			);
			mainGroup = 7F3908212187D14F007BA344;
			productRefGroup = 7F39082B2187D14F007BA344 /* Products */;
			projectDirPath = "";
			projectRoot = "";
			targets = (
				7F3908292187D14F007BA344 /* pushuptracker */,
			);
		};
/* End PBXProject section */

/* Begin PBXResourcesBuildPhase section */
		7F3908282187D14F007BA344 /* Resources */ = {
			isa = PBXResourcesBuildPhase;
			buildActionMask = 2147483647;
			files = (
				7F3908382187D151007BA344 /* LaunchScreen.storyboard in Resources */,
				7F3908352187D151007BA344 /* Assets.xcassets in Resources */,
				7F3908332187D14F007BA344 /* Main.storyboard in Resources */,
			);
			runOnlyForDeploymentPostprocessing = 0;
		};
/* End PBXResourcesBuildPhase section */

/* Begin PBXShellScriptBuildPhase section */
		E2253B6885368A345C972CDA /* [CP] Embed Pods Frameworks */ = {
			isa = PBXShellScriptBuildPhase;
			buildActionMask = 2147483647;
			files = (
			);
			inputPaths = (
				"${SRCROOT}/Pods/Target Support Files/Pods-pushuptracker/Pods-pushuptracker-frameworks.sh",
				"${BUILT_PRODUCTS_DIR}/MBProgressHUD/MBProgressHUD.framework",
			);
			name = "[CP] Embed Pods Frameworks";
			outputPaths = (
				"${TARGET_BUILD_DIR}/${FRAMEWORKS_FOLDER_PATH}/MBProgressHUD.framework",
			);
			runOnlyForDeploymentPostprocessing = 0;
			shellPath = /bin/sh;
			shellScript = "\"${SRCROOT}/Pods/Target Support Files/Pods-pushuptracker/Pods-pushuptracker-frameworks.sh\"\n";
			showEnvVarsInLog = 0;
		};
		FE7399672FDD9FF00640DD39 /* [CP] Check Pods Manifest.lock */ = {
			isa = PBXShellScriptBuildPhase;
			buildActionMask = 2147483647;
			files = (
			);
			inputPaths = (
				"${PODS_PODFILE_DIR_PATH}/Podfile.lock",
				"${PODS_ROOT}/Manifest.lock",
			);
			name = "[CP] Check Pods Manifest.lock";
			outputPaths = (
				"$(DERIVED_FILE_DIR)/Pods-pushuptracker-checkManifestLockResult.txt",
			);
			runOnlyForDeploymentPostprocessing = 0;
			shellPath = /bin/sh;
			shellScript = "diff \"${PODS_PODFILE_DIR_PATH}/Podfile.lock\" \"${PODS_ROOT}/Manifest.lock\" > /dev/null\nif [ $? != 0 ] ; then\n    # print error to STDERR\n    echo \"error: The sandbox is not in sync with the Podfile.lock. Run 'pod install' or update your CocoaPods installation.\" >&2\n    exit 1\nfi\n# This output is used by Xcode 'outputs' to avoid re-running this script phase.\necho \"SUCCESS\" > \"${SCRIPT_OUTPUT_FILE_0}\"\n";
			showEnvVarsInLog = 0;
		};
/* End PBXShellScriptBuildPhase section */

/* Begin PBXSourcesBuildPhase section */
		7F3908262187D14F007BA344 /* Sources */ = {
			isa = PBXSourcesBuildPhase;
			buildActionMask = 2147483647;
			files = (
				7F1B8A0621B605C200980D34 /* LocationDetector.swift in Sources */,
				7F35DF6C21911ED300391EF5 /* PushupTrackerViewController.swift in Sources */,
				7F3400C421A3905900884DBA /* GymsTableViewController.swift in Sources */,
				7F35DF72219A4EAC00391EF5 /* PersistenceManager.swift in Sources */,
				7F3400C221A38B5600884DBA /* FourSquareAPIManager.swift in Sources */,
				7F35DF74219A5FDB00391EF5 /* HistoryTableViewController.swift in Sources */,
				7F3908302187D14F007BA344 /* ViewController.swift in Sources */,
				7F3400BD21A3895000884DBA /* Gym.swift in Sources */,
				7F3400C821ACC9DB00884DBA /* Extensions.swift in Sources */,
				7F39082E2187D14F007BA344 /* AppDelegate.swift in Sources */,
				7F35DF6F219A4D1700391EF5 /* Workout.swift in Sources */,
				7F3400C621ACC05E00884DBA /* GymTableViewCell.swift in Sources */,
				7F3400BF21A38A9A00884DBA /* FourSquareResponse.swift in Sources */,
			);
			runOnlyForDeploymentPostprocessing = 0;
		};
/* End PBXSourcesBuildPhase section */

/* Begin PBXVariantGroup section */
		7F3908312187D14F007BA344 /* Main.storyboard */ = {
			isa = PBXVariantGroup;
			children = (
				7F3908322187D14F007BA344 /* Base */,
			);
			name = Main.storyboard;
			sourceTree = "<group>";
		};
		7F3908362187D151007BA344 /* LaunchScreen.storyboard */ = {
			isa = PBXVariantGroup;
			children = (
				7F3908372187D151007BA344 /* Base */,
			);
			name = LaunchScreen.storyboard;
			sourceTree = "<group>";
		};
/* End PBXVariantGroup section */

/* Begin XCBuildConfiguration section */
		7F39083A2187D151007BA344 /* Debug */ = {
			isa = XCBuildConfiguration;
			buildSettings = {
				ALWAYS_SEARCH_USER_PATHS = NO;
				CLANG_ANALYZER_NONNULL = YES;
				CLANG_ANALYZER_NUMBER_OBJECT_CONVERSION = YES_AGGRESSIVE;
				CLANG_CXX_LANGUAGE_STANDARD = "gnu++14";
				CLANG_CXX_LIBRARY = "libc++";
				CLANG_ENABLE_MODULES = YES;
				CLANG_ENABLE_OBJC_ARC = YES;
				CLANG_ENABLE_OBJC_WEAK = YES;
				CLANG_WARN_BLOCK_CAPTURE_AUTORELEASING = YES;
				CLANG_WARN_BOOL_CONVERSION = YES;
				CLANG_WARN_COMMA = YES;
				CLANG_WARN_CONSTANT_CONVERSION = YES;
				CLANG_WARN_DEPRECATED_OBJC_IMPLEMENTATIONS = YES;
				CLANG_WARN_DIRECT_OBJC_ISA_USAGE = YES_ERROR;
				CLANG_WARN_DOCUMENTATION_COMMENTS = YES;
				CLANG_WARN_EMPTY_BODY = YES;
				CLANG_WARN_ENUM_CONVERSION = YES;
				CLANG_WARN_INFINITE_RECURSION = YES;
				CLANG_WARN_INT_CONVERSION = YES;
				CLANG_WARN_NON_LITERAL_NULL_CONVERSION = YES;
				CLANG_WARN_OBJC_IMPLICIT_RETAIN_SELF = YES;
				CLANG_WARN_OBJC_LITERAL_CONVERSION = YES;
				CLANG_WARN_OBJC_ROOT_CLASS = YES_ERROR;
				CLANG_WARN_RANGE_LOOP_ANALYSIS = YES;
				CLANG_WARN_STRICT_PROTOTYPES = YES;
				CLANG_WARN_SUSPICIOUS_MOVE = YES;
				CLANG_WARN_UNGUARDED_AVAILABILITY = YES_AGGRESSIVE;
				CLANG_WARN_UNREACHABLE_CODE = YES;
				CLANG_WARN__DUPLICATE_METHOD_MATCH = YES;
				CODE_SIGN_IDENTITY = "iPhone Developer";
				COPY_PHASE_STRIP = NO;
				DEBUG_INFORMATION_FORMAT = dwarf;
				ENABLE_STRICT_OBJC_MSGSEND = YES;
				ENABLE_TESTABILITY = YES;
				GCC_C_LANGUAGE_STANDARD = gnu11;
				GCC_DYNAMIC_NO_PIC = NO;
				GCC_NO_COMMON_BLOCKS = YES;
				GCC_OPTIMIZATION_LEVEL = 0;
				GCC_PREPROCESSOR_DEFINITIONS = (
					"DEBUG=1",
					"$(inherited)",
				);
				GCC_WARN_64_TO_32_BIT_CONVERSION = YES;
				GCC_WARN_ABOUT_RETURN_TYPE = YES_ERROR;
				GCC_WARN_UNDECLARED_SELECTOR = YES;
				GCC_WARN_UNINITIALIZED_AUTOS = YES_AGGRESSIVE;
				GCC_WARN_UNUSED_FUNCTION = YES;
				GCC_WARN_UNUSED_VARIABLE = YES;
				IPHONEOS_DEPLOYMENT_TARGET = 12.0;
				MTL_ENABLE_DEBUG_INFO = INCLUDE_SOURCE;
				MTL_FAST_MATH = YES;
				ONLY_ACTIVE_ARCH = YES;
				SDKROOT = iphoneos;
				SWIFT_ACTIVE_COMPILATION_CONDITIONS = DEBUG;
				SWIFT_OPTIMIZATION_LEVEL = "-Onone";
			};
			name = Debug;
		};
		7F39083B2187D151007BA344 /* Release */ = {
			isa = XCBuildConfiguration;
			buildSettings = {
				ALWAYS_SEARCH_USER_PATHS = NO;
				CLANG_ANALYZER_NONNULL = YES;
				CLANG_ANALYZER_NUMBER_OBJECT_CONVERSION = YES_AGGRESSIVE;
				CLANG_CXX_LANGUAGE_STANDARD = "gnu++14";
				CLANG_CXX_LIBRARY = "libc++";
				CLANG_ENABLE_MODULES = YES;
				CLANG_ENABLE_OBJC_ARC = YES;
				CLANG_ENABLE_OBJC_WEAK = YES;
				CLANG_WARN_BLOCK_CAPTURE_AUTORELEASING = YES;
				CLANG_WARN_BOOL_CONVERSION = YES;
				CLANG_WARN_COMMA = YES;
				CLANG_WARN_CONSTANT_CONVERSION = YES;
				CLANG_WARN_DEPRECATED_OBJC_IMPLEMENTATIONS = YES;
				CLANG_WARN_DIRECT_OBJC_ISA_USAGE = YES_ERROR;
				CLANG_WARN_DOCUMENTATION_COMMENTS = YES;
				CLANG_WARN_EMPTY_BODY = YES;
				CLANG_WARN_ENUM_CONVERSION = YES;
				CLANG_WARN_INFINITE_RECURSION = YES;
				CLANG_WARN_INT_CONVERSION = YES;
				CLANG_WARN_NON_LITERAL_NULL_CONVERSION = YES;
				CLANG_WARN_OBJC_IMPLICIT_RETAIN_SELF = YES;
				CLANG_WARN_OBJC_LITERAL_CONVERSION = YES;
				CLANG_WARN_OBJC_ROOT_CLASS = YES_ERROR;
				CLANG_WARN_RANGE_LOOP_ANALYSIS = YES;
				CLANG_WARN_STRICT_PROTOTYPES = YES;
				CLANG_WARN_SUSPICIOUS_MOVE = YES;
				CLANG_WARN_UNGUARDED_AVAILABILITY = YES_AGGRESSIVE;
				CLANG_WARN_UNREACHABLE_CODE = YES;
				CLANG_WARN__DUPLICATE_METHOD_MATCH = YES;
				CODE_SIGN_IDENTITY = "iPhone Developer";
				COPY_PHASE_STRIP = NO;
				DEBUG_INFORMATION_FORMAT = "dwarf-with-dsym";
				ENABLE_NS_ASSERTIONS = NO;
				ENABLE_STRICT_OBJC_MSGSEND = YES;
				GCC_C_LANGUAGE_STANDARD = gnu11;
				GCC_NO_COMMON_BLOCKS = YES;
				GCC_WARN_64_TO_32_BIT_CONVERSION = YES;
				GCC_WARN_ABOUT_RETURN_TYPE = YES_ERROR;
				GCC_WARN_UNDECLARED_SELECTOR = YES;
				GCC_WARN_UNINITIALIZED_AUTOS = YES_AGGRESSIVE;
				GCC_WARN_UNUSED_FUNCTION = YES;
				GCC_WARN_UNUSED_VARIABLE = YES;
				IPHONEOS_DEPLOYMENT_TARGET = 12.0;
				MTL_ENABLE_DEBUG_INFO = NO;
				MTL_FAST_MATH = YES;
				SDKROOT = iphoneos;
				SWIFT_COMPILATION_MODE = wholemodule;
				SWIFT_OPTIMIZATION_LEVEL = "-O";
				VALIDATE_PRODUCT = YES;
			};
			name = Release;
		};
		7F39083D2187D151007BA344 /* Debug */ = {
			isa = XCBuildConfiguration;
			baseConfigurationReference = E2E78ECA4F4CD6AC95170609 /* Pods-pushuptracker.debug.xcconfig */;
			buildSettings = {
				ASSETCATALOG_COMPILER_APPICON_NAME = AppIcon;
				CODE_SIGN_STYLE = Automatic;
				DEVELOPMENT_TEAM = 8H4L28J34V;
				INFOPLIST_FILE = pushuptracker/Info.plist;
				LD_RUNPATH_SEARCH_PATHS = (
					"$(inherited)",
					"@executable_path/Frameworks",
				);
				PRODUCT_BUNDLE_IDENTIFIER = tysonsapps.pushuptracker;
				PRODUCT_NAME = "$(TARGET_NAME)";
				SWIFT_VERSION = 4.2;
				TARGETED_DEVICE_FAMILY = "1,2";
			};
			name = Debug;
		};
		7F39083E2187D151007BA344 /* Release */ = {
			isa = XCBuildConfiguration;
			baseConfigurationReference = 87EBD0D573FD78EC04736EE7 /* Pods-pushuptracker.release.xcconfig */;
			buildSettings = {
				ASSETCATALOG_COMPILER_APPICON_NAME = AppIcon;
				CODE_SIGN_STYLE = Automatic;
				DEVELOPMENT_TEAM = 8H4L28J34V;
				INFOPLIST_FILE = pushuptracker/Info.plist;
				LD_RUNPATH_SEARCH_PATHS = (
					"$(inherited)",
					"@executable_path/Frameworks",
				);
				PRODUCT_BUNDLE_IDENTIFIER = tysonsapps.pushuptracker;
				PRODUCT_NAME = "$(TARGET_NAME)";
				SWIFT_VERSION = 4.2;
				TARGETED_DEVICE_FAMILY = "1,2";
			};
			name = Release;
		};
/* End XCBuildConfiguration section */

/* Begin XCConfigurationList section */
		7F3908252187D14F007BA344 /* Build configuration list for PBXProject "pushuptracker" */ = {
			isa = XCConfigurationList;
			buildConfigurations = (
				7F39083A2187D151007BA344 /* Debug */,
				7F39083B2187D151007BA344 /* Release */,
			);
			defaultConfigurationIsVisible = 0;
			defaultConfigurationName = Release;
		};
		7F39083C2187D151007BA344 /* Build configuration list for PBXNativeTarget "pushuptracker" */ = {
			isa = XCConfigurationList;
			buildConfigurations = (
				7F39083D2187D151007BA344 /* Debug */,
				7F39083E2187D151007BA344 /* Release */,
			);
			defaultConfigurationIsVisible = 0;
			defaultConfigurationName = Release;
		};
/* End XCConfigurationList section */
	};
	rootObject = 7F3908222187D14F007BA344 /* Project object */;
}
